
Microsoft Visual Studio Solution File, Format Version 12.00
# Visual Studio 2013
VisualStudioVersion = 12.0.30723.0
MinimumVisualStudioVersion = 10.0.40219.1
Project("{FAE04EC0-301F-11D3-BF4B-00C04F79EFBC}") = "UrlsAndroutes", "UrlsAndroutes\UrlsAndroutes.csproj", "{7693B45E-5F35-44D6-A953-D8C33F8BAE62}"
EndProject
Project("{FAE04EC0-301F-11D3-BF4B-00C04F79EFBC}") = "UrlsAndroutes.Tests", "UrlsAndroutes.Tests\UrlsAndroutes.Tests.csproj", "{6004B848-9083-436A-B023-A89FF1B837F2}"
EndProject
Global
	GlobalSection(SolutionConfigurationPlatforms) = preSolution
		Debug|Any CPU = Debug|Any CPU
		Release|Any CPU = Release|Any CPU
	EndGlobalSection
	GlobalSection(ProjectConfigurationPlatforms) = postSolution
		{7693B45E-5F35-44D6-A953-D8C33F8BAE62}.Debug|Any CPU.ActiveCfg = Debug|Any CPU
		{7693B45E-5F35-44D6-A953-D8C33F8BAE62}.Debug|Any CPU.Build.0 = Debug|Any CPU
		{7693B45E-5F35-44D6-A953-D8C33F8BAE62}.Release|Any CPU.ActiveCfg = Release|Any CPU
		{7693B45E-5F35-44D6-A953-D8C33F8BAE62}.Release|Any CPU.Build.0 = Release|Any CPU
		{6004B848-9083-436A-B023-A89FF1B837F2}.Debug|Any CPU.ActiveCfg = Debug|Any CPU
		{6004B848-9083-436A-B023-A89FF1B837F2}.Debug|Any CPU.Build.0 = Debug|Any CPU
		{6004B848-9083-436A-B023-A89FF1B837F2}.Release|Any CPU.ActiveCfg = Release|Any CPU
		{6004B848-9083-436A-B023-A89FF1B837F2}.Release|Any CPU.Build.0 = Release|Any CPU
	EndGlobalSection
	GlobalSection(SolutionProperties) = preSolution
		HideSolutionNode = FALSE
	EndGlobalSection
EndGlobal
