
Microsoft Visual Studio Solution File, Format Version 12.00
# Visual Studio 2013
VisualStudioVersion = 12.0.30723.0
MinimumVisualStudioVersion = 10.0.40219.1
Project("{2150E333-8FDC-42A3-9474-1A3956D46DE8}") = "FreemanOriginal", "FreemanOriginal", "{2A009764-86B6-4231-A9FD-7CCA0B35AC37}"
EndProject
Project("{FAE04EC0-301F-11D3-BF4B-00C04F79EFBC}") = "PartyInvites", "PartyInvites\PartyInvites.csproj", "{5B0623A7-B184-497D-A055-AA428AF265DC}"
EndProject
Global
	GlobalSection(SolutionConfigurationPlatforms) = preSolution
		Debug|Any CPU = Debug|Any CPU
		Release|Any CPU = Release|Any CPU
	EndGlobalSection
	GlobalSection(ProjectConfigurationPlatforms) = postSolution
		{5B0623A7-B184-497D-A055-AA428AF265DC}.Debug|Any CPU.ActiveCfg = Debug|Any CPU
		{5B0623A7-B184-497D-A055-AA428AF265DC}.Debug|Any CPU.Build.0 = Debug|Any CPU
		{5B0623A7-B184-497D-A055-AA428AF265DC}.Release|Any CPU.ActiveCfg = Release|Any CPU
		{5B0623A7-B184-497D-A055-AA428AF265DC}.Release|Any CPU.Build.0 = Release|Any CPU
	EndGlobalSection
	GlobalSection(SolutionProperties) = preSolution
		HideSolutionNode = FALSE
	EndGlobalSection
EndGlobal
